
Microsoft Visual Studio Solution File, Format Version 12.00
# Visual Studio 15
VisualStudioVersion = 15.0.28010.2026
MinimumVisualStudioVersion = 10.0.40219.1
Project("{FAE04EC0-301F-11D3-BF4B-00C04F79EFBC}") = "Assignment2", "Assignment2\Assignment2.csproj", "{6476A902-CF13-45C9-82B1-86135A396BBC}"
EndProject
Global
	GlobalSection(SolutionConfigurationPlatforms) = preSolution
		Debug|Any CPU = Debug|Any CPU
		Release|Any CPU = Release|Any CPU
	EndGlobalSection
	GlobalSection(ProjectConfigurationPlatforms) = postSolution
		{6476A902-CF13-45C9-82B1-86135A396BBC}.Debug|Any CPU.ActiveCfg = Debug|Any CPU
		{6476A902-CF13-45C9-82B1-86135A396BBC}.Debug|Any CPU.Build.0 = Debug|Any CPU
		{6476A902-CF13-45C9-82B1-86135A396BBC}.Release|Any CPU.ActiveCfg = Release|Any CPU
		{6476A902-CF13-45C9-82B1-86135A396BBC}.Release|Any CPU.Build.0 = Release|Any CPU
	EndGlobalSection
	GlobalSection(SolutionProperties) = preSolution
		HideSolutionNode = FALSE
	EndGlobalSection
	GlobalSection(ExtensibilityGlobals) = postSolution
		SolutionGuid = {CCD900B4-5E27-4CF6-BC09-7EB8830C04A9}
	EndGlobalSection
EndGlobal
